
Microsoft Visual Studio Solution File, Format Version 12.00
# Visual Studio Version 17
VisualStudioVersion = 17.13.36105.23 d17.13
MinimumVisualStudioVersion = 10.0.40219.1
Project("{FAE04EC0-301F-11D3-BF4B-00C04F79EFBC}") = "SDA Lab 13 t1", "SDA Lab 13 t1\SDA Lab 13 t1.csproj", "{F08DCA5A-DF7D-4A3D-92E1-5748DDF20D9B}"
EndProject
Global
	GlobalSection(SolutionConfigurationPlatforms) = preSolution
		Debug|Any CPU = Debug|Any CPU
		Release|Any CPU = Release|Any CPU
	EndGlobalSection
	GlobalSection(ProjectConfigurationPlatforms) = postSolution
		{F08DCA5A-DF7D-4A3D-92E1-5748DDF20D9B}.Debug|Any CPU.ActiveCfg = Debug|Any CPU
		{F08DCA5A-DF7D-4A3D-92E1-5748DDF20D9B}.Debug|Any CPU.Build.0 = Debug|Any CPU
		{F08DCA5A-DF7D-4A3D-92E1-5748DDF20D9B}.Release|Any CPU.ActiveCfg = Release|Any CPU
		{F08DCA5A-DF7D-4A3D-92E1-5748DDF20D9B}.Release|Any CPU.Build.0 = Release|Any CPU
	EndGlobalSection
	GlobalSection(SolutionProperties) = preSolution
		HideSolutionNode = FALSE
	EndGlobalSection
	GlobalSection(ExtensibilityGlobals) = postSolution
		SolutionGuid = {21C4054E-BD20-46AB-AD44-5A217B7746B2}
	EndGlobalSection
EndGlobal
